// !$*UTF8*$!
{
	archiveVersion = 1;
	classes = {
	};
	objectVersion = 46;
	objects = {

/* Begin PBXBuildFile section */
		D3EA35051F2F0EC500ED854A /* AppDelegate.swift in Sources */ = {isa = PBXBuildFile; fileRef = D3EA35041F2F0EC500ED854A /* AppDelegate.swift */; };
		D3EA35071F2F0EC500ED854A /* ViewController.swift in Sources */ = {isa = PBXBuildFile; fileRef = D3EA35061F2F0EC500ED854A /* ViewController.swift */; };
		D3EA350A1F2F0EC500ED854A /* Main.storyboard in Resources */ = {isa = PBXBuildFile; fileRef = D3EA35081F2F0EC500ED854A /* Main.storyboard */; };
		D3EA350C1F2F0EC500ED854A /* Assets.xcassets in Resources */ = {isa = PBXBuildFile; fileRef = D3EA350B1F2F0EC500ED854A /* Assets.xcassets */; };
		D3EA350F1F2F0EC500ED854A /* LaunchScreen.storyboard in Resources */ = {isa = PBXBuildFile; fileRef = D3EA350D1F2F0EC500ED854A /* LaunchScreen.storyboard */; };
		D3EA351A1F2F0EC600ED854A /* FriendsAppTests.swift in Sources */ = {isa = PBXBuildFile; fileRef = D3EA35191F2F0EC600ED854A /* FriendsAppTests.swift */; };
		D3EA35251F2F0EC600ED854A /* FriendsAppUITests.swift in Sources */ = {isa = PBXBuildFile; fileRef = D3EA35241F2F0EC600ED854A /* FriendsAppUITests.swift */; };
/* End PBXBuildFile section */

/* Begin PBXContainerItemProxy section */
		D3EA35161F2F0EC500ED854A /* PBXContainerItemProxy */ = {
			isa = PBXContainerItemProxy;
			containerPortal = D3EA34F91F2F0EC500ED854A /* Project object */;
			proxyType = 1;
			remoteGlobalIDString = D3EA35001F2F0EC500ED854A;
			remoteInfo = FriendsApp;
		};
		D3EA35211F2F0EC600ED854A /* PBXContainerItemProxy */ = {
			isa = PBXContainerItemProxy;
			containerPortal = D3EA34F91F2F0EC500ED854A /* Project object */;
			proxyType = 1;
			remoteGlobalIDString = D3EA35001F2F0EC500ED854A;
			remoteInfo = FriendsApp;
		};
/* End PBXContainerItemProxy section */

/* Begin PBXFileReference section */
		D3EA35011F2F0EC500ED854A /* FriendsApp.app */ = {isa = PBXFileReference; explicitFileType = wrapper.application; includeInIndex = 0; path = FriendsApp.app; sourceTree = BUILT_PRODUCTS_DIR; };
		D3EA35041F2F0EC500ED854A /* AppDelegate.swift */ = {isa = PBXFileReference; lastKnownFileType = sourcecode.swift; path = AppDelegate.swift; sourceTree = "<group>"; };
		D3EA35061F2F0EC500ED854A /* ViewController.swift */ = {isa = PBXFileReference; lastKnownFileType = sourcecode.swift; path = ViewController.swift; sourceTree = "<group>"; };
		D3EA35091F2F0EC500ED854A /* Base */ = {isa = PBXFileReference; lastKnownFileType = file.storyboard; name = Base; path = Base.lproj/Main.storyboard; sourceTree = "<group>"; };
		D3EA350B1F2F0EC500ED854A /* Assets.xcassets */ = {isa = PBXFileReference; lastKnownFileType = folder.assetcatalog; path = Assets.xcassets; sourceTree = "<group>"; };
		D3EA350E1F2F0EC500ED854A /* Base */ = {isa = PBXFileReference; lastKnownFileType = file.storyboard; name = Base; path = Base.lproj/LaunchScreen.storyboard; sourceTree = "<group>"; };
		D3EA35101F2F0EC500ED854A /* Info.plist */ = {isa = PBXFileReference; lastKnownFileType = text.plist.xml; path = Info.plist; sourceTree = "<group>"; };
		D3EA35151F2F0EC500ED854A /* FriendsAppTests.xctest */ = {isa = PBXFileReference; explicitFileType = wrapper.cfbundle; includeInIndex = 0; path = FriendsAppTests.xctest; sourceTree = BUILT_PRODUCTS_DIR; };
		D3EA35191F2F0EC600ED854A /* FriendsAppTests.swift */ = {isa = PBXFileReference; lastKnownFileType = sourcecode.swift; path = FriendsAppTests.swift; sourceTree = "<group>"; };
		D3EA351B1F2F0EC600ED854A /* Info.plist */ = {isa = PBXFileReference; lastKnownFileType = text.plist.xml; path = Info.plist; sourceTree = "<group>"; };
		D3EA35201F2F0EC600ED854A /* FriendsAppUITests.xctest */ = {isa = PBXFileReference; explicitFileType = wrapper.cfbundle; includeInIndex = 0; path = FriendsAppUITests.xctest; sourceTree = BUILT_PRODUCTS_DIR; };
		D3EA35241F2F0EC600ED854A /* FriendsAppUITests.swift */ = {isa = PBXFileReference; lastKnownFileType = sourcecode.swift; path = FriendsAppUITests.swift; sourceTree = "<group>"; };
		D3EA35261F2F0EC600ED854A /* Info.plist */ = {isa = PBXFileReference; lastKnownFileType = text.plist.xml; path = Info.plist; sourceTree = "<group>"; };
/* End PBXFileReference section */

/* Begin PBXFrameworksBuildPhase section */
		D3EA34FE1F2F0EC500ED854A /* Frameworks */ = {
			isa = PBXFrameworksBuildPhase;
			buildActionMask = 2147483647;
			files = (
			);
			runOnlyForDeploymentPostprocessing = 0;
		};
		D3EA35121F2F0EC500ED854A /* Frameworks */ = {
			isa = PBXFrameworksBuildPhase;
			buildActionMask = 2147483647;
			files = (
			);
			runOnlyForDeploymentPostprocessing = 0;
		};
		D3EA351D1F2F0EC600ED854A /* Frameworks */ = {
			isa = PBXFrameworksBuildPhase;
			buildActionMask = 2147483647;
			files = (
			);
			runOnlyForDeploymentPostprocessing = 0;
		};
/* End PBXFrameworksBuildPhase section */

/* Begin PBXGroup section */
		D3EA34F81F2F0EC500ED854A = {
			isa = PBXGroup;
			children = (
				D3EA35031F2F0EC500ED854A /* FriendsApp */,
				D3EA35181F2F0EC600ED854A /* FriendsAppTests */,
				D3EA35231F2F0EC600ED854A /* FriendsAppUITests */,
				D3EA35021F2F0EC500ED854A /* Products */,
			);
			sourceTree = "<group>";
		};
		D3EA35021F2F0EC500ED854A /* Products */ = {
			isa = PBXGroup;
			children = (
				D3EA35011F2F0EC500ED854A /* FriendsApp.app */,
				D3EA35151F2F0EC500ED854A /* FriendsAppTests.xctest */,
				D3EA35201F2F0EC600ED854A /* FriendsAppUITests.xctest */,
			);
			name = Products;
			sourceTree = "<group>";
		};
		D3EA35031F2F0EC500ED854A /* FriendsApp */ = {
			isa = PBXGroup;
			children = (
				D3EA35041F2F0EC500ED854A /* AppDelegate.swift */,
				D3EA35061F2F0EC500ED854A /* ViewController.swift */,
				D3EA35081F2F0EC500ED854A /* Main.storyboard */,
				D3EA350B1F2F0EC500ED854A /* Assets.xcassets */,
				D3EA350D1F2F0EC500ED854A /* LaunchScreen.storyboard */,
				D3EA35101F2F0EC500ED854A /* Info.plist */,
			);
			path = FriendsApp;
			sourceTree = "<group>";
		};
		D3EA35181F2F0EC600ED854A /* FriendsAppTests */ = {
			isa = PBXGroup;
			children = (
				D3EA35191F2F0EC600ED854A /* FriendsAppTests.swift */,
				D3EA351B1F2F0EC600ED854A /* Info.plist */,
			);
			path = FriendsAppTests;
			sourceTree = "<group>";
		};
		D3EA35231F2F0EC600ED854A /* FriendsAppUITests */ = {
			isa = PBXGroup;
			children = (
				D3EA35241F2F0EC600ED854A /* FriendsAppUITests.swift */,
				D3EA35261F2F0EC600ED854A /* Info.plist */,
			);
			path = FriendsAppUITests;
			sourceTree = "<group>";
		};
/* End PBXGroup section */

/* Begin PBXNativeTarget section */
		D3EA35001F2F0EC500ED854A /* FriendsApp */ = {
			isa = PBXNativeTarget;
			buildConfigurationList = D3EA35291F2F0EC600ED854A /* Build configuration list for PBXNativeTarget "FriendsApp" */;
			buildPhases = (
				D3EA34FD1F2F0EC500ED854A /* Sources */,
				D3EA34FE1F2F0EC500ED854A /* Frameworks */,
				D3EA34FF1F2F0EC500ED854A /* Resources */,
			);
			buildRules = (
			);
			dependencies = (
			);
			name = FriendsApp;
			productName = FriendsApp;
			productReference = D3EA35011F2F0EC500ED854A /* FriendsApp.app */;
			productType = "com.apple.product-type.application";
		};
		D3EA35141F2F0EC500ED854A /* FriendsAppTests */ = {
			isa = PBXNativeTarget;
			buildConfigurationList = D3EA352C1F2F0EC600ED854A /* Build configuration list for PBXNativeTarget "FriendsAppTests" */;
			buildPhases = (
				D3EA35111F2F0EC500ED854A /* Sources */,
				D3EA35121F2F0EC500ED854A /* Frameworks */,
				D3EA35131F2F0EC500ED854A /* Resources */,
			);
			buildRules = (
			);
			dependencies = (
				D3EA35171F2F0EC500ED854A /* PBXTargetDependency */,
			);
			name = FriendsAppTests;
			productName = FriendsAppTests;
			productReference = D3EA35151F2F0EC500ED854A /* FriendsAppTests.xctest */;
			productType = "com.apple.product-type.bundle.unit-test";
		};
		D3EA351F1F2F0EC600ED854A /* FriendsAppUITests */ = {
			isa = PBXNativeTarget;
			buildConfigurationList = D3EA352F1F2F0EC600ED854A /* Build configuration list for PBXNativeTarget "FriendsAppUITests" */;
			buildPhases = (
				D3EA351C1F2F0EC600ED854A /* Sources */,
				D3EA351D1F2F0EC600ED854A /* Frameworks */,
				D3EA351E1F2F0EC600ED854A /* Resources */,
			);
			buildRules = (
			);
			dependencies = (
				D3EA35221F2F0EC600ED854A /* PBXTargetDependency */,
			);
			name = FriendsAppUITests;
			productName = FriendsAppUITests;
			productReference = D3EA35201F2F0EC600ED854A /* FriendsAppUITests.xctest */;
			productType = "com.apple.product-type.bundle.ui-testing";
		};
/* End PBXNativeTarget section */

/* Begin PBXProject section */
		D3EA34F91F2F0EC500ED854A /* Project object */ = {
			isa = PBXProject;
			attributes = {
				LastSwiftUpdateCheck = 0830;
				LastUpgradeCheck = 0830;
				ORGANIZATIONNAME = "Brian Cieplicki";
				TargetAttributes = {
					D3EA35001F2F0EC500ED854A = {
						CreatedOnToolsVersion = 8.3.3;
						ProvisioningStyle = Automatic;
					};
					D3EA35141F2F0EC500ED854A = {
						CreatedOnToolsVersion = 8.3.3;
						ProvisioningStyle = Automatic;
						TestTargetID = D3EA35001F2F0EC500ED854A;
					};
					D3EA351F1F2F0EC600ED854A = {
						CreatedOnToolsVersion = 8.3.3;
						ProvisioningStyle = Automatic;
						TestTargetID = D3EA35001F2F0EC500ED854A;
					};
				};
			};
			buildConfigurationList = D3EA34FC1F2F0EC500ED854A /* Build configuration list for PBXProject "FriendsApp" */;
			compatibilityVersion = "Xcode 3.2";
			developmentRegion = English;
			hasScannedForEncodings = 0;
			knownRegions = (
				en,
				Base,
			);
			mainGroup = D3EA34F81F2F0EC500ED854A;
			productRefGroup = D3EA35021F2F0EC500ED854A /* Products */;
			projectDirPath = "";
			projectRoot = "";
			targets = (
				D3EA35001F2F0EC500ED854A /* FriendsApp */,
				D3EA35141F2F0EC500ED854A /* FriendsAppTests */,
				D3EA351F1F2F0EC600ED854A /* FriendsAppUITests */,
			);
		};
/* End PBXProject section */

/* Begin PBXResourcesBuildPhase section */
		D3EA34FF1F2F0EC500ED854A /* Resources */ = {
			isa = PBXResourcesBuildPhase;
			buildActionMask = 2147483647;
			files = (
				D3EA350F1F2F0EC500ED854A /* LaunchScreen.storyboard in Resources */,
				D3EA350C1F2F0EC500ED854A /* Assets.xcassets in Resources */,
				D3EA350A1F2F0EC500ED854A /* Main.storyboard in Resources */,
			);
			runOnlyForDeploymentPostprocessing = 0;
		};
		D3EA35131F2F0EC500ED854A /* Resources */ = {
			isa = PBXResourcesBuildPhase;
			buildActionMask = 2147483647;
			files = (
			);
			runOnlyForDeploymentPostprocessing = 0;
		};
		D3EA351E1F2F0EC600ED854A /* Resources */ = {
			isa = PBXResourcesBuildPhase;
			buildActionMask = 2147483647;
			files = (
			);
			runOnlyForDeploymentPostprocessing = 0;
		};
/* End PBXResourcesBuildPhase section */

/* Begin PBXSourcesBuildPhase section */
		D3EA34FD1F2F0EC500ED854A /* Sources */ = {
			isa = PBXSourcesBuildPhase;
			buildActionMask = 2147483647;
			files = (
				D3EA35071F2F0EC500ED854A /* ViewController.swift in Sources */,
				D3EA35051F2F0EC500ED854A /* AppDelegate.swift in Sources */,
			);
			runOnlyForDeploymentPostprocessing = 0;
		};
		D3EA35111F2F0EC500ED854A /* Sources */ = {
			isa = PBXSourcesBuildPhase;
			buildActionMask = 2147483647;
			files = (
				D3EA351A1F2F0EC600ED854A /* FriendsAppTests.swift in Sources */,
			);
			runOnlyForDeploymentPostprocessing = 0;
		};
		D3EA351C1F2F0EC600ED854A /* Sources */ = {
			isa = PBXSourcesBuildPhase;
			buildActionMask = 2147483647;
			files = (
				D3EA35251F2F0EC600ED854A /* FriendsAppUITests.swift in Sources */,
			);
			runOnlyForDeploymentPostprocessing = 0;
		};
/* End PBXSourcesBuildPhase section */

/* Begin PBXTargetDependency section */
		D3EA35171F2F0EC500ED854A /* PBXTargetDependency */ = {
			isa = PBXTargetDependency;
			target = D3EA35001F2F0EC500ED854A /* FriendsApp */;
			targetProxy = D3EA35161F2F0EC500ED854A /* PBXContainerItemProxy */;
		};
		D3EA35221F2F0EC600ED854A /* PBXTargetDependency */ = {
			isa = PBXTargetDependency;
			target = D3EA35001F2F0EC500ED854A /* FriendsApp */;
			targetProxy = D3EA35211F2F0EC600ED854A /* PBXContainerItemProxy */;
		};
/* End PBXTargetDependency section */

/* Begin PBXVariantGroup section */
		D3EA35081F2F0EC500ED854A /* Main.storyboard */ = {
			isa = PBXVariantGroup;
			children = (
				D3EA35091F2F0EC500ED854A /* Base */,
			);
			name = Main.storyboard;
			sourceTree = "<group>";
		};
		D3EA350D1F2F0EC500ED854A /* LaunchScreen.storyboard */ = {
			isa = PBXVariantGroup;
			children = (
				D3EA350E1F2F0EC500ED854A /* Base */,
			);
			name = LaunchScreen.storyboard;
			sourceTree = "<group>";
		};
/* End PBXVariantGroup section */

/* Begin XCBuildConfiguration section */
		D3EA35271F2F0EC600ED854A /* Debug */ = {
			isa = XCBuildConfiguration;
			buildSettings = {
				ALWAYS_SEARCH_USER_PATHS = NO;
				CLANG_ANALYZER_NONNULL = YES;
				CLANG_ANALYZER_NUMBER_OBJECT_CONVERSION = YES_AGGRESSIVE;
				CLANG_CXX_LANGUAGE_STANDARD = "gnu++0x";
				CLANG_CXX_LIBRARY = "libc++";
				CLANG_ENABLE_MODULES = YES;
				CLANG_ENABLE_OBJC_ARC = YES;
				CLANG_WARN_BOOL_CONVERSION = YES;
				CLANG_WARN_CONSTANT_CONVERSION = YES;
				CLANG_WARN_DIRECT_OBJC_ISA_USAGE = YES_ERROR;
				CLANG_WARN_DOCUMENTATION_COMMENTS = YES;
				CLANG_WARN_EMPTY_BODY = YES;
				CLANG_WARN_ENUM_CONVERSION = YES;
				CLANG_WARN_INFINITE_RECURSION = YES;
				CLANG_WARN_INT_CONVERSION = YES;
				CLANG_WARN_OBJC_ROOT_CLASS = YES_ERROR;
				CLANG_WARN_SUSPICIOUS_MOVE = YES;
				CLANG_WARN_UNREACHABLE_CODE = YES;
				CLANG_WARN__DUPLICATE_METHOD_MATCH = YES;
				"CODE_SIGN_IDENTITY[sdk=iphoneos*]" = "iPhone Developer";
				COPY_PHASE_STRIP = NO;
				DEBUG_INFORMATION_FORMAT = dwarf;
				ENABLE_STRICT_OBJC_MSGSEND = YES;
				ENABLE_TESTABILITY = YES;
				GCC_C_LANGUAGE_STANDARD = gnu99;
				GCC_DYNAMIC_NO_PIC = NO;
				GCC_NO_COMMON_BLOCKS = YES;
				GCC_OPTIMIZATION_LEVEL = 0;
				GCC_PREPROCESSOR_DEFINITIONS = (
					"DEBUG=1",
					"$(inherited)",
				);
				GCC_WARN_64_TO_32_BIT_CONVERSION = YES;
				GCC_WARN_ABOUT_RETURN_TYPE = YES_ERROR;
				GCC_WARN_UNDECLARED_SELECTOR = YES;
				GCC_WARN_UNINITIALIZED_AUTOS = YES_AGGRESSIVE;
				GCC_WARN_UNUSED_FUNCTION = YES;
				GCC_WARN_UNUSED_VARIABLE = YES;
				IPHONEOS_DEPLOYMENT_TARGET = 10.3;
				MTL_ENABLE_DEBUG_INFO = YES;
				ONLY_ACTIVE_ARCH = YES;
				SDKROOT = iphoneos;
				SWIFT_ACTIVE_COMPILATION_CONDITIONS = DEBUG;
				SWIFT_OPTIMIZATION_LEVEL = "-Onone";
				TARGETED_DEVICE_FAMILY = "1,2";
			};
			name = Debug;
		};
		D3EA35281F2F0EC600ED854A /* Release */ = {
			isa = XCBuildConfiguration;
			buildSettings = {
				ALWAYS_SEARCH_USER_PATHS = NO;
				CLANG_ANALYZER_NONNULL = YES;
				CLANG_ANALYZER_NUMBER_OBJECT_CONVERSION = YES_AGGRESSIVE;
				CLANG_CXX_LANGUAGE_STANDARD = "gnu++0x";
				CLANG_CXX_LIBRARY = "libc++";
				CLANG_ENABLE_MODULES = YES;
				CLANG_ENABLE_OBJC_ARC = YES;
				CLANG_WARN_BOOL_CONVERSION = YES;
				CLANG_WARN_CONSTANT_CONVERSION = YES;
				CLANG_WARN_DIRECT_OBJC_ISA_USAGE = YES_ERROR;
				CLANG_WARN_DOCUMENTATION_COMMENTS = YES;
				CLANG_WARN_EMPTY_BODY = YES;
				CLANG_WARN_ENUM_CONVERSION = YES;
				CLANG_WARN_INFINITE_RECURSION = YES;
				CLANG_WARN_INT_CONVERSION = YES;
				CLANG_WARN_OBJC_ROOT_CLASS = YES_ERROR;
				CLANG_WARN_SUSPICIOUS_MOVE = YES;
				CLANG_WARN_UNREACHABLE_CODE = YES;
				CLANG_WARN__DUPLICATE_METHOD_MATCH = YES;
				"CODE_SIGN_IDENTITY[sdk=iphoneos*]" = "iPhone Developer";
				COPY_PHASE_STRIP = NO;
				DEBUG_INFORMATION_FORMAT = "dwarf-with-dsym";
				ENABLE_NS_ASSERTIONS = NO;
				ENABLE_STRICT_OBJC_MSGSEND = YES;
				GCC_C_LANGUAGE_STANDARD = gnu99;
				GCC_NO_COMMON_BLOCKS = YES;
				GCC_WARN_64_TO_32_BIT_CONVERSION = YES;
				GCC_WARN_ABOUT_RETURN_TYPE = YES_ERROR;
				GCC_WARN_UNDECLARED_SELECTOR = YES;
				GCC_WARN_UNINITIALIZED_AUTOS = YES_AGGRESSIVE;
				GCC_WARN_UNUSED_FUNCTION = YES;
				GCC_WARN_UNUSED_VARIABLE = YES;
				IPHONEOS_DEPLOYMENT_TARGET = 10.3;
				MTL_ENABLE_DEBUG_INFO = NO;
				SDKROOT = iphoneos;
				SWIFT_OPTIMIZATION_LEVEL = "-Owholemodule";
				TARGETED_DEVICE_FAMILY = "1,2";
				VALIDATE_PRODUCT = YES;
			};
			name = Release;
		};
		D3EA352A1F2F0EC600ED854A /* Debug */ = {
			isa = XCBuildConfiguration;
			buildSettings = {
				ASSETCATALOG_COMPILER_APPICON_NAME = AppIcon;
				INFOPLIST_FILE = FriendsApp/Info.plist;
				LD_RUNPATH_SEARCH_PATHS = "$(inherited) @executable_path/Frameworks";
				PRODUCT_BUNDLE_IDENTIFIER = bczc.FriendsApp;
				PRODUCT_NAME = "$(TARGET_NAME)";
				SWIFT_VERSION = 3.0;
			};
			name = Debug;
		};
		D3EA352B1F2F0EC600ED854A /* Release */ = {
			isa = XCBuildConfiguration;
			buildSettings = {
				ASSETCATALOG_COMPILER_APPICON_NAME = AppIcon;
				INFOPLIST_FILE = FriendsApp/Info.plist;
				LD_RUNPATH_SEARCH_PATHS = "$(inherited) @executable_path/Frameworks";
				PRODUCT_BUNDLE_IDENTIFIER = bczc.FriendsApp;
				PRODUCT_NAME = "$(TARGET_NAME)";
				SWIFT_VERSION = 3.0;
			};
			name = Release;
		};
		D3EA352D1F2F0EC600ED854A /* Debug */ = {
			isa = XCBuildConfiguration;
			buildSettings = {
				ALWAYS_EMBED_SWIFT_STANDARD_LIBRARIES = YES;
				BUNDLE_LOADER = "$(TEST_HOST)";
				INFOPLIST_FILE = FriendsAppTests/Info.plist;
				LD_RUNPATH_SEARCH_PATHS = "$(inherited) @executable_path/Frameworks @loader_path/Frameworks";
				PRODUCT_BUNDLE_IDENTIFIER = bczc.FriendsAppTests;
				PRODUCT_NAME = "$(TARGET_NAME)";
				SWIFT_VERSION = 3.0;
				TEST_HOST = "$(BUILT_PRODUCTS_DIR)/FriendsApp.app/FriendsApp";
			};
			name = Debug;
		};
		D3EA352E1F2F0EC600ED854A /* Release */ = {
			isa = XCBuildConfiguration;
			buildSettings = {
				ALWAYS_EMBED_SWIFT_STANDARD_LIBRARIES = YES;
				BUNDLE_LOADER = "$(TEST_HOST)";
				INFOPLIST_FILE = FriendsAppTests/Info.plist;
				LD_RUNPATH_SEARCH_PATHS = "$(inherited) @executable_path/Frameworks @loader_path/Frameworks";
				PRODUCT_BUNDLE_IDENTIFIER = bczc.FriendsAppTests;
				PRODUCT_NAME = "$(TARGET_NAME)";
				SWIFT_VERSION = 3.0;
				TEST_HOST = "$(BUILT_PRODUCTS_DIR)/FriendsApp.app/FriendsApp";
			};
			name = Release;
		};
		D3EA35301F2F0EC600ED854A /* Debug */ = {
			isa = XCBuildConfiguration;
			buildSettings = {
				ALWAYS_EMBED_SWIFT_STANDARD_LIBRARIES = YES;
				INFOPLIST_FILE = FriendsAppUITests/Info.plist;
				LD_RUNPATH_SEARCH_PATHS = "$(inherited) @executable_path/Frameworks @loader_path/Frameworks";
				PRODUCT_BUNDLE_IDENTIFIER = bczc.FriendsAppUITests;
				PRODUCT_NAME = "$(TARGET_NAME)";
				SWIFT_VERSION = 3.0;
				TEST_TARGET_NAME = FriendsApp;
			};
			name = Debug;
		};
		D3EA35311F2F0EC600ED854A /* Release */ = {
			isa = XCBuildConfiguration;
			buildSettings = {
				ALWAYS_EMBED_SWIFT_STANDARD_LIBRARIES = YES;
				INFOPLIST_FILE = FriendsAppUITests/Info.plist;
				LD_RUNPATH_SEARCH_PATHS = "$(inherited) @executable_path/Frameworks @loader_path/Frameworks";
				PRODUCT_BUNDLE_IDENTIFIER = bczc.FriendsAppUITests;
				PRODUCT_NAME = "$(TARGET_NAME)";
				SWIFT_VERSION = 3.0;
				TEST_TARGET_NAME = FriendsApp;
			};
			name = Release;
		};
/* End XCBuildConfiguration section */

/* Begin XCConfigurationList section */
		D3EA34FC1F2F0EC500ED854A /* Build configuration list for PBXProject "FriendsApp" */ = {
			isa = XCConfigurationList;
			buildConfigurations = (
				D3EA35271F2F0EC600ED854A /* Debug */,
				D3EA35281F2F0EC600ED854A /* Release */,
			);
			defaultConfigurationIsVisible = 0;
			defaultConfigurationName = Release;
		};
		D3EA35291F2F0EC600ED854A /* Build configuration list for PBXNativeTarget "FriendsApp" */ = {
			isa = XCConfigurationList;
			buildConfigurations = (
				D3EA352A1F2F0EC600ED854A /* Debug */,
				D3EA352B1F2F0EC600ED854A /* Release */,
			);
			defaultConfigurationIsVisible = 0;
		};
		D3EA352C1F2F0EC600ED854A /* Build configuration list for PBXNativeTarget "FriendsAppTests" */ = {
			isa = XCConfigurationList;
			buildConfigurations = (
				D3EA352D1F2F0EC600ED854A /* Debug */,
				D3EA352E1F2F0EC600ED854A /* Release */,
			);
			defaultConfigurationIsVisible = 0;
		};
		D3EA352F1F2F0EC600ED854A /* Build configuration list for PBXNativeTarget "FriendsAppUITests" */ = {
			isa = XCConfigurationList;
			buildConfigurations = (
				D3EA35301F2F0EC600ED854A /* Debug */,
				D3EA35311F2F0EC600ED854A /* Release */,
			);
			defaultConfigurationIsVisible = 0;
		};
/* End XCConfigurationList section */
	};
	rootObject = D3EA34F91F2F0EC500ED854A /* Project object */;
}
